
Microsoft Visual Studio Solution File, Format Version 12.00
# Visual Studio Version 17
VisualStudioVersion = 17.6.33829.357
MinimumVisualStudioVersion = 10.0.40219.1
Project("{F184B08F-C81C-45F6-A57F-5ABD9991F28F}") = "SistemaDeAlquiler", "SistemaDeAlquiler.vbproj", "{F16ECD14-11C3-495C-A35D-8BB8DD43F293}"
EndProject
Global
	GlobalSection(SolutionConfigurationPlatforms) = preSolution
		Debug|Any CPU = Debug|Any CPU
		Release|Any CPU = Release|Any CPU
	EndGlobalSection
	GlobalSection(ProjectConfigurationPlatforms) = postSolution
		{F16ECD14-11C3-495C-A35D-8BB8DD43F293}.Debug|Any CPU.ActiveCfg = Debug|Any CPU
		{F16ECD14-11C3-495C-A35D-8BB8DD43F293}.Debug|Any CPU.Build.0 = Debug|Any CPU
		{F16ECD14-11C3-495C-A35D-8BB8DD43F293}.Release|Any CPU.ActiveCfg = Release|Any CPU
		{F16ECD14-11C3-495C-A35D-8BB8DD43F293}.Release|Any CPU.Build.0 = Release|Any CPU
	EndGlobalSection
	GlobalSection(SolutionProperties) = preSolution
		HideSolutionNode = FALSE
	EndGlobalSection
	GlobalSection(ExtensibilityGlobals) = postSolution
		SolutionGuid = {203135A9-B029-4738-8653-4221AD186735}
	EndGlobalSection
EndGlobal
